# This file is autogenerated, do not edit; changes may be undone by the next 'dep ensure'.


[[projects]]
  name = "cloud.google.com/go"
  packages = ["civil"]
  revision = "0fd7230b2a7505833d5f69b75cbd6c9582401479"
  version = "v0.23.0"

[[projects]]
  name = "github.com/Jeffail/gabs"
  packages = ["."]
  revision = "7a0fed31069aba77993a518cc2f37b28ee7aa883"
  version = "1.1"

[[projects]]
  name = "github.com/Microsoft/go-winio"
  packages = ["."]
  revision = "7da180ee92d8bd8bb8c37fc560e673e6557c392f"
  version = "v0.4.7"

[[projects]]
  name = "github.com/SAP/go-hdb"
  packages = [
    "driver",
    "driver/sqltrace",
    "internal/bufio",
    "internal/protocol",
    "internal/unicode",
    "internal/unicode/cesu8"
  ]
  revision = "c80549df883e955dff808b1258c26f32b3ed10a4"

[[projects]]
  name = "github.com/SermoDigital/jose"
  packages = [
    ".",
    "crypto",
    "jws",
    "jwt"
  ]
  revision = "f6df55f235c24f236d11dbcf665249a59ac2021f"
  version = "1.1"

[[projects]]
  branch = "master"
  name = "github.com/armon/go-metrics"
  packages = ["."]
  revision = "783273d703149aaeb9897cf58613d5af48861c25"

[[projects]]
  branch = "master"
  name = "github.com/armon/go-radix"
  packages = ["."]
  revision = "1fca145dffbcaa8fe914309b1ec0cfc67500fe61"

[[projects]]
  branch = "master"
  name = "github.com/beorn7/perks"
  packages = ["quantile"]
  revision = "3a771d992973f24aa725d07868b467d1ddfceafb"

[[projects]]
  name = "github.com/bgentry/speakeasy"
  packages = ["."]
  revision = "4aabc24848ce5fd31929f7d1e4ea74d3709c14cd"
  version = "v0.1.0"

[[projects]]
  branch = "master"
  name = "github.com/denisenkom/go-mssqldb"
  packages = [
    ".",
    "internal/cp"
  ]
  revision = "c12642a8f7884ab01719704032c36ff300ff52c6"

[[projects]]
  name = "github.com/docker/distribution"
  packages = [
    "digest",
    "reference"
  ]
  revision = "48294d928ced5dd9b378f7fd7c6f5da3ff3f2c89"
  version = "v2.6.2"

[[projects]]
  name = "github.com/docker/docker"
  packages = [
    "api/types",
    "api/types/blkiodev",
    "api/types/container",
    "api/types/events",
    "api/types/filters",
    "api/types/mount",
    "api/types/network",
    "api/types/reference",
    "api/types/registry",
    "api/types/strslice",
    "api/types/swarm",
    "api/types/time",
    "api/types/versions",
    "api/types/volume",
    "client",
    "pkg/tlsconfig"
  ]
  revision = "092cba3727bb9b4a2f0e922cd6c0f93ea270e363"

[[projects]]
  name = "github.com/docker/go-connections"
  packages = [
    "nat",
    "sockets",
    "tlsconfig"
  ]
  revision = "3ede32e2033de7505e6500d6c868c2b9ed9f169d"
  version = "v0.3.0"

[[projects]]
  name = "github.com/docker/go-units"
  packages = ["."]
  revision = "47565b4f722fb6ceae66b95f853feed578a4a51c"
  version = "v0.3.3"

[[projects]]
  name = "github.com/fatih/color"
  packages = ["."]
  revision = "5b77d2a35fb0ede96d138fc9a99f5c9b6aef11b4"
  version = "v1.7.0"

[[projects]]
  name = "github.com/fatih/structs"
  packages = ["."]
  revision = "a720dfa8df582c51dee1b36feabb906bde1588bd"
  version = "v1.0"

[[projects]]
  name = "github.com/ghodss/yaml"
  packages = ["."]
  revision = "0ca9ea5df5451ffdf184b4428c902747c2c11cd7"
  version = "v1.0.0"

[[projects]]
  name = "github.com/go-sql-driver/mysql"
  packages = ["."]
  revision = "d523deb1b23d913de5bdada721a6071e71283618"
  version = "v1.4.0"

[[projects]]
  name = "github.com/go-test/deep"
  packages = ["."]
  revision = "6592d9cc0a499ad2d5f574fde80a2b5c5cc3b4f5"
  version = "v1.0.1"

[[projects]]
  branch = "master"
  name = "github.com/gocql/gocql"
  packages = [
    ".",
    "internal/lru",
    "internal/murmur",
    "internal/streams"
  ]
  revision = "651d6b1f343c6e168e45d119dcfe8f71e5bafb32"

[[projects]]
  name = "github.com/gogo/protobuf"
  packages = ["proto"]
  revision = "1adfc126b41513cc696b209667c8656ea7aac67c"
  version = "v1.0.0"

[[projects]]
  name = "github.com/golang/mock"
  packages = ["gomock"]
  revision = "c34cdb4725f4c3844d095133c6e40e448b86589b"
  version = "v1.1.1"

[[projects]]
  name = "github.com/golang/protobuf"
  packages = [
    "jsonpb",
    "proto",
    "protoc-gen-go/descriptor",
    "ptypes",
    "ptypes/any",
    "ptypes/duration",
    "ptypes/empty",
    "ptypes/struct",
    "ptypes/timestamp"
  ]
  revision = "3a3da3a4e26776cc22a79ef46d5d58477532dede"

[[projects]]
  branch = "master"
  name = "github.com/golang/snappy"
  packages = ["."]
  revision = "2e65f85255dbc3072edf28d6b5b8efc472979f5a"

[[projects]]
  name = "github.com/google/uuid"
  packages = ["."]
  revision = "064e2069ce9c359c118179501254f67d7d37ba24"
  version = "0.2"

[[projects]]
  name = "github.com/gorhill/cronexpr"
  packages = ["."]
  revision = "a557574d6c024ed6e36acc8b610f5f211c91568a"
  version = "1.0.0"

[[projects]]
  name = "github.com/gorilla/context"
  packages = ["."]
  revision = "08b5f424b9271eedf6f9f0ce86cb9396ed337a42"
  version = "v1.1.1"

[[projects]]
  name = "github.com/gorilla/mux"
  packages = ["."]
  revision = "e3702bed27f0d39777b0b37b664b6280e8ef8fbf"
  version = "v1.6.2"

[[projects]]
  name = "github.com/gorilla/websocket"
  packages = ["."]
  revision = "ea4d1f681babbce9545c9c5f3d5194a789c89f5b"
  version = "v1.2.0"

[[projects]]
  name = "github.com/grpc-ecosystem/go-grpc-prometheus"
  packages = ["."]
  revision = "c225b8c3b01faf2899099b768856a9e916e5087b"
  version = "v1.2.0"

[[projects]]
  name = "github.com/grpc-ecosystem/grpc-gateway"
  packages = [
    "protoc-gen-swagger/options",
    "runtime",
    "runtime/internal",
    "utilities"
  ]
  revision = "92583770e3f01b09a0d3e9bdf64321d8bebd48f2"
  version = "v1.4.1"

[[projects]]
  branch = "master"
  name = "github.com/hailocab/go-hostpool"
  packages = ["."]
  revision = "e80d13ce29ede4452c43dea11e79b9bc8a15b478"

[[projects]]
  name = "github.com/hashicorp/consul"
  packages = [
    "api",
    "command/flags",
    "lib/freeport",
    "testutil",
    "testutil/retry"
  ]
  revision = "48d287ef690ada66634885640f3444dbf7b71d18"
  version = "v1.2.3"

[[projects]]
  branch = "master"
  name = "github.com/hashicorp/errwrap"
  packages = ["."]
  revision = "7554cd9344cec97297fa6649b055a8c98c2a1e55"

[[projects]]
  branch = "master"
  name = "github.com/hashicorp/go-cleanhttp"
  packages = ["."]
  revision = "d5fe4b57a186c716b0e00b8c301cbd9b4182694d"

[[projects]]
  branch = "master"
  name = "github.com/hashicorp/go-hclog"
  packages = ["."]
  revision = "69ff559dc25f3b435631604f573a5fa1efdb6433"

[[projects]]
  branch = "master"
  name = "github.com/hashicorp/go-immutable-radix"
  packages = ["."]
  revision = "7f3cd4390caab3250a57f30efdb2a65dd7649ecf"

[[projects]]
  branch = "master"
  name = "github.com/hashicorp/go-memdb"
  packages = ["."]
  revision = "1289e7fffe71d8fd4d4d491ba9a412c50f244c44"

[[projects]]
  branch = "master"
  name = "github.com/hashicorp/go-multierror"
  packages = ["."]
  revision = "b7773ae218740a7be65057fc60b366a49b538a44"

[[projects]]
  branch = "master"
  name = "github.com/hashicorp/go-plugin"
  packages = ["."]
  revision = "e8d22c780116115ae5624720c9af0c97afe4f551"

[[projects]]
  branch = "master"
  name = "github.com/hashicorp/go-rootcerts"
  packages = ["."]
  revision = "6bb64b370b90e7ef1fa532be9e591a81c3493e00"

[[projects]]
  branch = "master"
  name = "github.com/hashicorp/go-uuid"
  packages = ["."]
  revision = "27454136f0364f2d44b1276c552d69105cf8c498"

[[projects]]
  branch = "master"
  name = "github.com/hashicorp/go-version"
  packages = ["."]
  revision = "23480c0665776210b5fbbac6eaaee40e3e6a96b7"

[[projects]]
  branch = "master"
  name = "github.com/hashicorp/golang-lru"
  packages = [
    ".",
    "simplelru"
  ]
  revision = "0fb14efe8c47ae851c0034ed7a448854d3d34cf3"

[[projects]]
  branch = "master"
  name = "github.com/hashicorp/hcl"
  packages = [
    ".",
    "hcl/ast",
    "hcl/parser",
    "hcl/scanner",
    "hcl/strconv",
    "hcl/token",
    "json/parser",
    "json/scanner",
    "json/token"
  ]
  revision = "ef8a98b0bbce4a65b5aa4c368430a80ddc533168"

[[projects]]
  name = "github.com/hashicorp/serf"
  packages = ["coordinate"]
  revision = "d6574a5bb1226678d7010325fb6c985db20ee458"
  version = "v0.8.1"

[[projects]]
  name = "github.com/hashicorp/vault"
  packages = [
    "api",
    "audit",
    "builtin/logical/database/dbplugin",
    "helper/builtinplugins",
    "helper/certutil",
    "helper/compressutil",
    "helper/consts",
    "helper/errutil",
    "helper/forwarding",
    "helper/identity",
    "helper/jsonutil",
    "helper/locksutil",
    "helper/logbridge",
    "helper/logformat",
    "helper/mlock",
    "helper/parseutil",
    "helper/pgpkeys",
    "helper/pluginutil",
    "helper/policyutil",
    "helper/reload",
    "helper/salt",
    "helper/storagepacker",
    "helper/strutil",
    "helper/tlsutil",
    "helper/wrapping",
    "helper/xor",
    "http",
    "logical",
    "logical/framework",
    "physical",
    "physical/inmem",
    "plugins",
    "plugins/database/cassandra",
    "plugins/database/hana",
    "plugins/database/mongodb",
    "plugins/database/mssql",
    "plugins/database/mysql",
    "plugins/database/postgresql",
    "plugins/helper/database/connutil",
    "plugins/helper/database/credsutil",
    "plugins/helper/database/dbutil",
    "shamir",
    "vault",
    "version"
  ]
  revision = "7e1fbde40afee241f81ef08700e7987d86fc7242"
  version = "v0.9.6"

[[projects]]
  branch = "master"
  name = "github.com/hashicorp/yamux"
  packages = ["."]
  revision = "3520598351bb3500a49ae9563f5539666ae0a27c"

[[projects]]
  branch = "master"
  name = "github.com/jefferai/jsonx"
  packages = ["."]
  revision = "9cc31c3135eef39b8e72585f37efa92b6ca314d0"

[[projects]]
  branch = "master"
  name = "github.com/keybase/go-crypto"
  packages = [
    "brainpool",
    "cast5",
    "curve25519",
    "ed25519",
    "ed25519/internal/edwards25519",
    "openpgp",
    "openpgp/armor",
    "openpgp/ecdh",
    "openpgp/elgamal",
    "openpgp/errors",
    "openpgp/packet",
    "openpgp/s2k",
    "rsa"
  ]
  revision = "d11a37f123888ff060339f516e392032dfcb98ff"

[[projects]]
  name = "github.com/kr/text"
  packages = ["."]
  revision = "e2ffdb16a802fe2bb95e2e35ff34f0e53aeef34f"
  version = "v0.1.0"

[[projects]]
  branch = "master"
  name = "github.com/lib/pq"
  packages = [
    ".",
    "oid"
  ]
  revision = "90697d60dd844d5ef6ff15135d0203f65d2f53b8"

[[projects]]
  name = "github.com/mattn/go-colorable"
  packages = ["."]
  revision = "167de6bfdfba052fa6b2d3664c8f5272e23c9072"
  version = "v0.0.9"

[[projects]]
  name = "github.com/mattn/go-isatty"
  packages = ["."]
  revision = "0360b2af4f38e8d38c7fce2a9f4e702702d73a39"
  version = "v0.0.3"

[[projects]]
  name = "github.com/mattn/go-runewidth"
  packages = ["."]
  revision = "9e777a8366cce605130a531d2cd6363d07ad7317"
  version = "v0.0.2"

[[projects]]
  name = "github.com/matttproud/golang_protobuf_extensions"
  packages = ["pbutil"]
  revision = "c12348ce28de40eed0136aa2b644d0ee0650e56c"
  version = "v1.0.1"

[[projects]]
  branch = "master"
  name = "github.com/mgutz/ansi"
  packages = ["."]
  revision = "9520e82c474b0a04dd04f8a40959027271bab992"

[[projects]]
  name = "github.com/mgutz/logxi"
  packages = ["v1"]
  revision = "aebf8a7d67ab4625e0fd4a665766fef9a709161b"
  version = "v1"

[[projects]]
  branch = "master"
  name = "github.com/mitchellh/cli"
  packages = ["."]
  revision = "c48282d14eba4b0817ddef3f832ff8d13851aefd"

[[projects]]
  branch = "master"
  name = "github.com/mitchellh/copystructure"
  packages = ["."]
  revision = "d23ffcb85de31694d6ccaa23ccb4a03e55c1303f"

[[projects]]
  branch = "master"
  name = "github.com/mitchellh/go-homedir"
  packages = ["."]
  revision = "3864e76763d94a6df2f9960b16a20a33da9f9a66"

[[projects]]
  branch = "master"
  name = "github.com/mitchellh/go-testing-interface"
  packages = ["."]
  revision = "a61a99592b77c9ba629d254a693acffaeb4b7e28"

[[projects]]
  branch = "master"
  name = "github.com/mitchellh/mapstructure"
  packages = ["."]
  revision = "bb74f1db0675b241733089d5a1faa5dd8b0ef57b"

[[projects]]
  branch = "master"
  name = "github.com/mitchellh/reflectwalk"
  packages = ["."]
  revision = "63d60e9d0dbc60cf9164e6510889b0db6683d98c"

[[projects]]
  name = "github.com/namsral/flag"
  packages = ["."]
  revision = "71ceffbeb0ba60fccc853971bb3ed4d7d90bfd04"
  version = "v1.7.4-pre"

[[projects]]
  name = "github.com/nsqio/go-nsq"
  packages = ["."]
  revision = "eee57a3ac4174c55924125bb15eeeda8cffb6e6f"
  version = "v1.0.7"

[[projects]]
  name = "github.com/oklog/run"
  packages = ["."]
  revision = "4dadeb3030eda0273a12382bb2348ffc7c9d1a39"
  version = "v1.0.0"

[[projects]]
  branch = "master"
  name = "github.com/olekukonko/tablewriter"
  packages = ["."]
  revision = "d4647c9c7a84d847478d890b816b7d8b62b0b279"

[[projects]]
  name = "github.com/patrickmn/go-cache"
  packages = ["."]
  revision = "a3647f8e31d79543b2d0f0ae2fe5c379d72cedc0"
  version = "v2.1.0"

[[projects]]
  branch = "master"
  name = "github.com/philips/grpc-gateway-example"
  packages = ["insecure"]
  revision = "a269bcb5931ca92be0ceae6130ac27ae89582ecc"

[[projects]]
  name = "github.com/pkg/errors"
  packages = ["."]
  revision = "645ef00459ed84a119197bfb8d8205042c6df63d"
  version = "v0.8.0"

[[projects]]
  name = "github.com/posener/complete"
  packages = [
    ".",
    "cmd",
    "cmd/install",
    "match"
  ]
  revision = "98eb9847f27ba2008d380a32c98be474dea55bdf"
  version = "v1.1.1"

[[projects]]
  name = "github.com/prometheus/client_golang"
  packages = [
    "prometheus",
    "prometheus/promhttp"
  ]
  revision = "c5b7fccd204277076155f10851dad72b76a49317"
  version = "v0.8.0"

[[projects]]
  branch = "master"
  name = "github.com/prometheus/client_model"
  packages = ["go"]
  revision = "99fa1f4be8e564e8a6b613da7fa6f46c9edafc6c"

[[projects]]
  branch = "master"
  name = "github.com/prometheus/common"
  packages = [
    "expfmt",
    "internal/bitbucket.org/ww/goautoneg",
    "model"
  ]
  revision = "7600349dcfe1abd18d72d3a1770870d9800a7801"

[[projects]]
  branch = "master"
  name = "github.com/prometheus/procfs"
  packages = [
    ".",
    "internal/util",
    "nfs",
    "xfs"
  ]
  revision = "7d6f385de8bea29190f15ba9931442a0eaef9af7"

[[projects]]
  name = "github.com/ryanuber/go-glob"
  packages = ["."]
  revision = "572520ed46dbddaed19ea3d9541bdd0494163693"
  version = "v0.1"

[[projects]]
  name = "github.com/sethgrid/pester"
  packages = ["."]
  revision = "03e26c9abbbf5accb8349790bf9f41bde09d72c3"
  version = "1.0.0"

[[projects]]
  name = "github.com/shankj3/go-til"
  packages = [
    "consul",
    "deserialize",
    "log",
    "net",
    "nsqpb",
    "test",
    "vault"
  ]
  revision = "caa9734a6aa5afc36f24cbac5240c9c037b74d67"

[[projects]]
  name = "github.com/sirupsen/logrus"
  packages = ["."]
  revision = "c155da19408a8799da419ed3eeb0cb5db0ad5dbc"
  version = "v1.0.5"

[[projects]]
  name = "github.com/urfave/negroni"
  packages = ["."]
  revision = "5dbbc83f748fc3ad38585842b0aedab546d0ea1e"
  version = "v0.3.0"

[[projects]]
  branch = "master"
  name = "golang.org/x/crypto"
  packages = [
    "curve25519",
    "ed25519",
    "ed25519/internal/edwards25519",
    "internal/chacha20",
    "md4",
    "poly1305",
    "ssh",
    "ssh/terminal"
  ]
  revision = "b47b1587369238182299fe4dad77d05b8b461e06"

[[projects]]
  branch = "master"
  name = "golang.org/x/net"
  packages = [
    "context",
    "context/ctxhttp",
    "http/httpguts",
    "http2",
    "http2/hpack",
    "idna",
    "internal/socks",
    "internal/timeseries",
    "proxy",
    "trace"
  ]
  revision = "1e491301e022f8f977054da4c2d852decd59571f"

[[projects]]
  branch = "master"
  name = "golang.org/x/oauth2"
  packages = [
    ".",
    "clientcredentials",
    "internal"
  ]
  revision = "1e0a3fa8ba9a5c9eb35c271780101fdaf1b205d7"

[[projects]]
  branch = "master"
  name = "golang.org/x/sys"
  packages = [
    "unix",
    "windows"
  ]
  revision = "bc2ef10f1b658ea907736406814a6187b49ea3ec"

[[projects]]
  name = "golang.org/x/text"
  packages = [
    "collate",
    "collate/build",
    "internal/colltab",
    "internal/gen",
    "internal/tag",
    "internal/triegen",
    "internal/ucd",
    "language",
    "secure/bidirule",
    "transform",
    "unicode/bidi",
    "unicode/cldr",
    "unicode/norm",
    "unicode/rangetable"
  ]
  revision = "f21a4dfb5e38f5895301dc265a8def02365cc3d0"
  version = "v0.3.0"

[[projects]]
  name = "google.golang.org/appengine"
  packages = [
    "cloudsql",
    "internal",
    "internal/base",
    "internal/datastore",
    "internal/log",
    "internal/remote_api",
    "internal/urlfetch",
    "urlfetch"
  ]
  revision = "150dc57a1b433e64154302bdc40b6bb8aefa313a"
  version = "v1.0.0"

[[projects]]
  branch = "master"
  name = "google.golang.org/genproto"
  packages = [
    "googleapis/api/annotations",
    "googleapis/rpc/status"
  ]
  revision = "81158efcc9f219c511e4d3c0d61a0e6e49c01a24"

[[projects]]
  name = "google.golang.org/grpc"
  packages = [
    ".",
    "balancer",
    "balancer/base",
    "balancer/roundrobin",
    "channelz",
    "codes",
    "connectivity",
    "credentials",
    "encoding",
    "encoding/proto",
    "grpclb/grpc_lb_v1/messages",
    "grpclog",
    "health",
    "health/grpc_health_v1",
    "internal",
    "keepalive",
    "metadata",
    "naming",
    "peer",
    "resolver",
    "resolver/dns",
    "resolver/passthrough",
    "stats",
    "status",
    "tap",
    "transport"
  ]
  revision = "9a54b9abadc29235e480ec8837c5d49747611694"

[[projects]]
  name = "gopkg.in/inf.v0"
  packages = ["."]
  revision = "d2d2541c53f18d2a059457998ce2876cc8e67cbf"
  version = "v0.9.1"

[[projects]]
  branch = "v2"
  name = "gopkg.in/mgo.v2"
  packages = [
    ".",
    "bson",
    "internal/json",
    "internal/sasl",
    "internal/scram"
  ]
  revision = "3f83fa5005286a7fe593b055f0d7771a7dce4655"

[[projects]]
  name = "gopkg.in/yaml.v2"
  packages = ["."]
  revision = "5420a8b6744d3b0345ab293f6fcba19c978f1183"
  version = "v2.2.1"

[solve-meta]
  analyzer-name = "dep"
  analyzer-version = 1
  inputs-digest = "27feac5a2c2c12955f03e1821f0252b73bb1e6edb04903cf29504f8a607abbdd"
  solver-name = "gps-cdcl"
  solver-version = 1
