hash: 4e86762a54212b25260abe56c0f127e36736a0f1c6a644400cba2a93e7eb0dbb
updated: 2017-10-25T15:49:06.099917325-07:00
imports:
- name: github.com/gorilla/context
  version: 08b5f424b9271eedf6f9f0ce86cb9396ed337a42
- name: github.com/gorilla/mux
  version: 7625a85c14e615274a4ee4bc8654f72310a563e4
- name: github.com/lib/pq
  version: b609790bd85edf8e9ab7e0f8912750a786177bcf
  subpackages:
  - oid
- name: github.com/urfave/negroni
  version: 079cf0c7a6b0145ebcf4103ec90380370cd89917
- name: gopkg.in/go-playground/webhooks.v3
  version: ced2e979bc7419d571930126aaf053abd54db4f2
  subpackages:
  - bitbucket
testImports: []
